// !$*UTF8*$!
{
	archiveVersion = 1;
	classes = {
	};
	objectVersion = 50;
	objects = {

/* Begin PBXBuildFile section */
		601D44CD261D863700E81464 /* Questions.json in Resources */ = {isa = PBXBuildFile; fileRef = 601D44CC261D863700E81464 /* Questions.json */; };
		601D44D0261D88A000E81464 /* NetworkRequest.swift in Sources */ = {isa = PBXBuildFile; fileRef = 601D44CF261D88A000E81464 /* NetworkRequest.swift */; };
		601D44D4261D9A1300E81464 /* QuestionsDataModel.swift in Sources */ = {isa = PBXBuildFile; fileRef = 601D44D3261D9A1300E81464 /* QuestionsDataModel.swift */; };
		601D44D9261DA1EC00E81464 /* Helper.swift in Sources */ = {isa = PBXBuildFile; fileRef = 601D44D8261DA1EC00E81464 /* Helper.swift */; };
		601D44DC261DA4A500E81464 /* TestData.swift in Sources */ = {isa = PBXBuildFile; fileRef = 601D44DB261DA4A500E81464 /* TestData.swift */; };
		601D44E4261DA5F100E81464 /* DetailView.swift in Sources */ = {isa = PBXBuildFile; fileRef = 601D44E3261DA5F100E81464 /* DetailView.swift */; };
		601D44E8261DAB4900E81464 /* MainView.swift in Sources */ = {isa = PBXBuildFile; fileRef = 601D44E7261DAB4900E81464 /* MainView.swift */; };
		601D44EB261DB01300E81464 /* QuestionView.swift in Sources */ = {isa = PBXBuildFile; fileRef = 601D44EA261DB01300E81464 /* QuestionView.swift */; };
		601D44F0261DB8EB00E81464 /* QuestionDataModel.swift in Sources */ = {isa = PBXBuildFile; fileRef = 601D44EF261DB8EB00E81464 /* QuestionDataModel.swift */; };
		601D44F8261DD09900E81464 /* HeadlineViewModifier.swift in Sources */ = {isa = PBXBuildFile; fileRef = 601D44F7261DD09900E81464 /* HeadlineViewModifier.swift */; };
		60F60ED3261D791D008D5F8D /* APIRequestProtocolApprochApp.swift in Sources */ = {isa = PBXBuildFile; fileRef = 60F60ED2261D791D008D5F8D /* APIRequestProtocolApprochApp.swift */; };
		60F60ED5261D791D008D5F8D /* ContentView.swift in Sources */ = {isa = PBXBuildFile; fileRef = 60F60ED4261D791D008D5F8D /* ContentView.swift */; };
		60F60ED7261D791D008D5F8D /* Assets.xcassets in Resources */ = {isa = PBXBuildFile; fileRef = 60F60ED6261D791D008D5F8D /* Assets.xcassets */; };
		60F60EDA261D791D008D5F8D /* Preview Assets.xcassets in Resources */ = {isa = PBXBuildFile; fileRef = 60F60ED9261D791D008D5F8D /* Preview Assets.xcassets */; };
		60F60EE3261D80AB008D5F8D /* ModelType.swift in Sources */ = {isa = PBXBuildFile; fileRef = 60F60EE2261D80AB008D5F8D /* ModelType.swift */; };
/* End PBXBuildFile section */

/* Begin PBXFileReference section */
		601D44CC261D863700E81464 /* Questions.json */ = {isa = PBXFileReference; fileEncoding = 4; lastKnownFileType = text.json; path = Questions.json; sourceTree = "<group>"; };
		601D44CF261D88A000E81464 /* NetworkRequest.swift */ = {isa = PBXFileReference; lastKnownFileType = sourcecode.swift; path = NetworkRequest.swift; sourceTree = "<group>"; };
		601D44D3261D9A1300E81464 /* QuestionsDataModel.swift */ = {isa = PBXFileReference; lastKnownFileType = sourcecode.swift; path = QuestionsDataModel.swift; sourceTree = "<group>"; };
		601D44D8261DA1EC00E81464 /* Helper.swift */ = {isa = PBXFileReference; lastKnownFileType = sourcecode.swift; path = Helper.swift; sourceTree = "<group>"; };
		601D44DB261DA4A500E81464 /* TestData.swift */ = {isa = PBXFileReference; lastKnownFileType = sourcecode.swift; path = TestData.swift; sourceTree = "<group>"; };
		601D44E3261DA5F100E81464 /* DetailView.swift */ = {isa = PBXFileReference; lastKnownFileType = sourcecode.swift; path = DetailView.swift; sourceTree = "<group>"; };
		601D44E7261DAB4900E81464 /* MainView.swift */ = {isa = PBXFileReference; lastKnownFileType = sourcecode.swift; path = MainView.swift; sourceTree = "<group>"; };
		601D44EA261DB01300E81464 /* QuestionView.swift */ = {isa = PBXFileReference; lastKnownFileType = sourcecode.swift; path = QuestionView.swift; sourceTree = "<group>"; };
		601D44EF261DB8EB00E81464 /* QuestionDataModel.swift */ = {isa = PBXFileReference; lastKnownFileType = sourcecode.swift; path = QuestionDataModel.swift; sourceTree = "<group>"; };
		601D44F7261DD09900E81464 /* HeadlineViewModifier.swift */ = {isa = PBXFileReference; lastKnownFileType = sourcecode.swift; path = HeadlineViewModifier.swift; sourceTree = "<group>"; };
		60F60ECF261D791D008D5F8D /* APIRequestProtocolApproch.app */ = {isa = PBXFileReference; explicitFileType = wrapper.application; includeInIndex = 0; path = APIRequestProtocolApproch.app; sourceTree = BUILT_PRODUCTS_DIR; };
		60F60ED2261D791D008D5F8D /* APIRequestProtocolApprochApp.swift */ = {isa = PBXFileReference; lastKnownFileType = sourcecode.swift; path = APIRequestProtocolApprochApp.swift; sourceTree = "<group>"; };
		60F60ED4261D791D008D5F8D /* ContentView.swift */ = {isa = PBXFileReference; lastKnownFileType = sourcecode.swift; path = ContentView.swift; sourceTree = "<group>"; };
		60F60ED6261D791D008D5F8D /* Assets.xcassets */ = {isa = PBXFileReference; lastKnownFileType = folder.assetcatalog; path = Assets.xcassets; sourceTree = "<group>"; };
		60F60ED9261D791D008D5F8D /* Preview Assets.xcassets */ = {isa = PBXFileReference; lastKnownFileType = folder.assetcatalog; path = "Preview Assets.xcassets"; sourceTree = "<group>"; };
		60F60EDB261D791D008D5F8D /* Info.plist */ = {isa = PBXFileReference; lastKnownFileType = text.plist.xml; path = Info.plist; sourceTree = "<group>"; };
		60F60EE2261D80AB008D5F8D /* ModelType.swift */ = {isa = PBXFileReference; lastKnownFileType = sourcecode.swift; path = ModelType.swift; sourceTree = "<group>"; };
/* End PBXFileReference section */

/* Begin PBXFrameworksBuildPhase section */
		60F60ECC261D791D008D5F8D /* Frameworks */ = {
			isa = PBXFrameworksBuildPhase;
			buildActionMask = 2147483647;
			files = (
			);
			runOnlyForDeploymentPostprocessing = 0;
		};
/* End PBXFrameworksBuildPhase section */

/* Begin PBXGroup section */
		601D44D2261D99F400E81464 /* ViewModel */ = {
			isa = PBXGroup;
			children = (
				601D44D3261D9A1300E81464 /* QuestionsDataModel.swift */,
				601D44EF261DB8EB00E81464 /* QuestionDataModel.swift */,
			);
			path = ViewModel;
			sourceTree = "<group>";
		};
		601D44D7261DA1CE00E81464 /* Helper */ = {
			isa = PBXGroup;
			children = (
				601D44D8261DA1EC00E81464 /* Helper.swift */,
			);
			path = Helper;
			sourceTree = "<group>";
		};
		601D44E2261DA5DD00E81464 /* View */ = {
			isa = PBXGroup;
			children = (
				601D44E3261DA5F100E81464 /* DetailView.swift */,
				601D44E7261DAB4900E81464 /* MainView.swift */,
				601D44EA261DB01300E81464 /* QuestionView.swift */,
			);
			path = View;
			sourceTree = "<group>";
		};
		601D44F6261DD07B00E81464 /* Modifier */ = {
			isa = PBXGroup;
			children = (
				601D44F7261DD09900E81464 /* HeadlineViewModifier.swift */,
			);
			path = Modifier;
			sourceTree = "<group>";
		};
		60F60EC6261D791D008D5F8D = {
			isa = PBXGroup;
			children = (
				60F60ED1261D791D008D5F8D /* APIRequestProtocolApproch */,
				60F60ED0261D791D008D5F8D /* Products */,
			);
			sourceTree = "<group>";
		};
		60F60ED0261D791D008D5F8D /* Products */ = {
			isa = PBXGroup;
			children = (
				60F60ECF261D791D008D5F8D /* APIRequestProtocolApproch.app */,
			);
			name = Products;
			sourceTree = "<group>";
		};
		60F60ED1261D791D008D5F8D /* APIRequestProtocolApproch */ = {
			isa = PBXGroup;
			children = (
				601D44F6261DD07B00E81464 /* Modifier */,
				601D44E2261DA5DD00E81464 /* View */,
				601D44D7261DA1CE00E81464 /* Helper */,
				601D44D2261D99F400E81464 /* ViewModel */,
				60F60EE5261D80B0008D5F8D /* Model */,
				60F60ED2261D791D008D5F8D /* APIRequestProtocolApprochApp.swift */,
				60F60ED4261D791D008D5F8D /* ContentView.swift */,
				60F60ED6261D791D008D5F8D /* Assets.xcassets */,
				60F60EDB261D791D008D5F8D /* Info.plist */,
				60F60ED8261D791D008D5F8D /* Preview Content */,
				601D44CF261D88A000E81464 /* NetworkRequest.swift */,
				601D44DB261DA4A500E81464 /* TestData.swift */,
			);
			path = APIRequestProtocolApproch;
			sourceTree = "<group>";
		};
		60F60ED8261D791D008D5F8D /* Preview Content */ = {
			isa = PBXGroup;
			children = (
				601D44CC261D863700E81464 /* Questions.json */,
				60F60ED9261D791D008D5F8D /* Preview Assets.xcassets */,
			);
			path = "Preview Content";
			sourceTree = "<group>";
		};
		60F60EE5261D80B0008D5F8D /* Model */ = {
			isa = PBXGroup;
			children = (
				60F60EE2261D80AB008D5F8D /* ModelType.swift */,
			);
			path = Model;
			sourceTree = "<group>";
		};
/* End PBXGroup section */

/* Begin PBXNativeTarget section */
		60F60ECE261D791D008D5F8D /* APIRequestProtocolApproch */ = {
			isa = PBXNativeTarget;
			buildConfigurationList = 60F60EDE261D791D008D5F8D /* Build configuration list for PBXNativeTarget "APIRequestProtocolApproch" */;
			buildPhases = (
				60F60ECB261D791D008D5F8D /* Sources */,
				60F60ECC261D791D008D5F8D /* Frameworks */,
				60F60ECD261D791D008D5F8D /* Resources */,
			);
			buildRules = (
			);
			dependencies = (
			);
			name = APIRequestProtocolApproch;
			productName = APIRequestProtocolApproch;
			productReference = 60F60ECF261D791D008D5F8D /* APIRequestProtocolApproch.app */;
			productType = "com.apple.product-type.application";
		};
/* End PBXNativeTarget section */

/* Begin PBXProject section */
		60F60EC7261D791D008D5F8D /* Project object */ = {
			isa = PBXProject;
			attributes = {
				LastSwiftUpdateCheck = 1210;
				LastUpgradeCheck = 1210;
				TargetAttributes = {
					60F60ECE261D791D008D5F8D = {
						CreatedOnToolsVersion = 12.1;
					};
				};
			};
			buildConfigurationList = 60F60ECA261D791D008D5F8D /* Build configuration list for PBXProject "APIRequestProtocolApproch" */;
			compatibilityVersion = "Xcode 9.3";
			developmentRegion = en;
			hasScannedForEncodings = 0;
			knownRegions = (
				en,
				Base,
			);
			mainGroup = 60F60EC6261D791D008D5F8D;
			productRefGroup = 60F60ED0261D791D008D5F8D /* Products */;
			projectDirPath = "";
			projectRoot = "";
			targets = (
				60F60ECE261D791D008D5F8D /* APIRequestProtocolApproch */,
			);
		};
/* End PBXProject section */

/* Begin PBXResourcesBuildPhase section */
		60F60ECD261D791D008D5F8D /* Resources */ = {
			isa = PBXResourcesBuildPhase;
			buildActionMask = 2147483647;
			files = (
				60F60EDA261D791D008D5F8D /* Preview Assets.xcassets in Resources */,
				601D44CD261D863700E81464 /* Questions.json in Resources */,
				60F60ED7261D791D008D5F8D /* Assets.xcassets in Resources */,
			);
			runOnlyForDeploymentPostprocessing = 0;
		};
/* End PBXResourcesBuildPhase section */

/* Begin PBXSourcesBuildPhase section */
		60F60ECB261D791D008D5F8D /* Sources */ = {
			isa = PBXSourcesBuildPhase;
			buildActionMask = 2147483647;
			files = (
				601D44EB261DB01300E81464 /* QuestionView.swift in Sources */,
				601D44D4261D9A1300E81464 /* QuestionsDataModel.swift in Sources */,
				601D44E8261DAB4900E81464 /* MainView.swift in Sources */,
				601D44E4261DA5F100E81464 /* DetailView.swift in Sources */,
				60F60ED5261D791D008D5F8D /* ContentView.swift in Sources */,
				60F60EE3261D80AB008D5F8D /* ModelType.swift in Sources */,
				601D44D0261D88A000E81464 /* NetworkRequest.swift in Sources */,
				60F60ED3261D791D008D5F8D /* APIRequestProtocolApprochApp.swift in Sources */,
				601D44DC261DA4A500E81464 /* TestData.swift in Sources */,
				601D44F8261DD09900E81464 /* HeadlineViewModifier.swift in Sources */,
				601D44D9261DA1EC00E81464 /* Helper.swift in Sources */,
				601D44F0261DB8EB00E81464 /* QuestionDataModel.swift in Sources */,
			);
			runOnlyForDeploymentPostprocessing = 0;
		};
/* End PBXSourcesBuildPhase section */

/* Begin XCBuildConfiguration section */
		60F60EDC261D791D008D5F8D /* Debug */ = {
			isa = XCBuildConfiguration;
			buildSettings = {
				ALWAYS_SEARCH_USER_PATHS = NO;
				CLANG_ANALYZER_NONNULL = YES;
				CLANG_ANALYZER_NUMBER_OBJECT_CONVERSION = YES_AGGRESSIVE;
				CLANG_CXX_LANGUAGE_STANDARD = "gnu++14";
				CLANG_CXX_LIBRARY = "libc++";
				CLANG_ENABLE_MODULES = YES;
				CLANG_ENABLE_OBJC_ARC = YES;
				CLANG_ENABLE_OBJC_WEAK = YES;
				CLANG_WARN_BLOCK_CAPTURE_AUTORELEASING = YES;
				CLANG_WARN_BOOL_CONVERSION = YES;
				CLANG_WARN_COMMA = YES;
				CLANG_WARN_CONSTANT_CONVERSION = YES;
				CLANG_WARN_DEPRECATED_OBJC_IMPLEMENTATIONS = YES;
				CLANG_WARN_DIRECT_OBJC_ISA_USAGE = YES_ERROR;
				CLANG_WARN_DOCUMENTATION_COMMENTS = YES;
				CLANG_WARN_EMPTY_BODY = YES;
				CLANG_WARN_ENUM_CONVERSION = YES;
				CLANG_WARN_INFINITE_RECURSION = YES;
				CLANG_WARN_INT_CONVERSION = YES;
				CLANG_WARN_NON_LITERAL_NULL_CONVERSION = YES;
				CLANG_WARN_OBJC_IMPLICIT_RETAIN_SELF = YES;
				CLANG_WARN_OBJC_LITERAL_CONVERSION = YES;
				CLANG_WARN_OBJC_ROOT_CLASS = YES_ERROR;
				CLANG_WARN_QUOTED_INCLUDE_IN_FRAMEWORK_HEADER = YES;
				CLANG_WARN_RANGE_LOOP_ANALYSIS = YES;
				CLANG_WARN_STRICT_PROTOTYPES = YES;
				CLANG_WARN_SUSPICIOUS_MOVE = YES;
				CLANG_WARN_UNGUARDED_AVAILABILITY = YES_AGGRESSIVE;
				CLANG_WARN_UNREACHABLE_CODE = YES;
				CLANG_WARN__DUPLICATE_METHOD_MATCH = YES;
				COPY_PHASE_STRIP = NO;
				DEBUG_INFORMATION_FORMAT = dwarf;
				ENABLE_STRICT_OBJC_MSGSEND = YES;
				ENABLE_TESTABILITY = YES;
				GCC_C_LANGUAGE_STANDARD = gnu11;
				GCC_DYNAMIC_NO_PIC = NO;
				GCC_NO_COMMON_BLOCKS = YES;
				GCC_OPTIMIZATION_LEVEL = 0;
				GCC_PREPROCESSOR_DEFINITIONS = (
					"DEBUG=1",
					"$(inherited)",
				);
				GCC_WARN_64_TO_32_BIT_CONVERSION = YES;
				GCC_WARN_ABOUT_RETURN_TYPE = YES_ERROR;
				GCC_WARN_UNDECLARED_SELECTOR = YES;
				GCC_WARN_UNINITIALIZED_AUTOS = YES_AGGRESSIVE;
				GCC_WARN_UNUSED_FUNCTION = YES;
				GCC_WARN_UNUSED_VARIABLE = YES;
				IPHONEOS_DEPLOYMENT_TARGET = 14.1;
				MTL_ENABLE_DEBUG_INFO = INCLUDE_SOURCE;
				MTL_FAST_MATH = YES;
				ONLY_ACTIVE_ARCH = YES;
				SDKROOT = iphoneos;
				SWIFT_ACTIVE_COMPILATION_CONDITIONS = DEBUG;
				SWIFT_OPTIMIZATION_LEVEL = "-Onone";
			};
			name = Debug;
		};
		60F60EDD261D791D008D5F8D /* Release */ = {
			isa = XCBuildConfiguration;
			buildSettings = {
				ALWAYS_SEARCH_USER_PATHS = NO;
				CLANG_ANALYZER_NONNULL = YES;
				CLANG_ANALYZER_NUMBER_OBJECT_CONVERSION = YES_AGGRESSIVE;
				CLANG_CXX_LANGUAGE_STANDARD = "gnu++14";
				CLANG_CXX_LIBRARY = "libc++";
				CLANG_ENABLE_MODULES = YES;
				CLANG_ENABLE_OBJC_ARC = YES;
				CLANG_ENABLE_OBJC_WEAK = YES;
				CLANG_WARN_BLOCK_CAPTURE_AUTORELEASING = YES;
				CLANG_WARN_BOOL_CONVERSION = YES;
				CLANG_WARN_COMMA = YES;
				CLANG_WARN_CONSTANT_CONVERSION = YES;
				CLANG_WARN_DEPRECATED_OBJC_IMPLEMENTATIONS = YES;
				CLANG_WARN_DIRECT_OBJC_ISA_USAGE = YES_ERROR;
				CLANG_WARN_DOCUMENTATION_COMMENTS = YES;
				CLANG_WARN_EMPTY_BODY = YES;
				CLANG_WARN_ENUM_CONVERSION = YES;
				CLANG_WARN_INFINITE_RECURSION = YES;
				CLANG_WARN_INT_CONVERSION = YES;
				CLANG_WARN_NON_LITERAL_NULL_CONVERSION = YES;
				CLANG_WARN_OBJC_IMPLICIT_RETAIN_SELF = YES;
				CLANG_WARN_OBJC_LITERAL_CONVERSION = YES;
				CLANG_WARN_OBJC_ROOT_CLASS = YES_ERROR;
				CLANG_WARN_QUOTED_INCLUDE_IN_FRAMEWORK_HEADER = YES;
				CLANG_WARN_RANGE_LOOP_ANALYSIS = YES;
				CLANG_WARN_STRICT_PROTOTYPES = YES;
				CLANG_WARN_SUSPICIOUS_MOVE = YES;
				CLANG_WARN_UNGUARDED_AVAILABILITY = YES_AGGRESSIVE;
				CLANG_WARN_UNREACHABLE_CODE = YES;
				CLANG_WARN__DUPLICATE_METHOD_MATCH = YES;
				COPY_PHASE_STRIP = NO;
				DEBUG_INFORMATION_FORMAT = "dwarf-with-dsym";
				ENABLE_NS_ASSERTIONS = NO;
				ENABLE_STRICT_OBJC_MSGSEND = YES;
				GCC_C_LANGUAGE_STANDARD = gnu11;
				GCC_NO_COMMON_BLOCKS = YES;
				GCC_WARN_64_TO_32_BIT_CONVERSION = YES;
				GCC_WARN_ABOUT_RETURN_TYPE = YES_ERROR;
				GCC_WARN_UNDECLARED_SELECTOR = YES;
				GCC_WARN_UNINITIALIZED_AUTOS = YES_AGGRESSIVE;
				GCC_WARN_UNUSED_FUNCTION = YES;
				GCC_WARN_UNUSED_VARIABLE = YES;
				IPHONEOS_DEPLOYMENT_TARGET = 14.1;
				MTL_ENABLE_DEBUG_INFO = NO;
				MTL_FAST_MATH = YES;
				SDKROOT = iphoneos;
				SWIFT_COMPILATION_MODE = wholemodule;
				SWIFT_OPTIMIZATION_LEVEL = "-O";
				VALIDATE_PRODUCT = YES;
			};
			name = Release;
		};
		60F60EDF261D791D008D5F8D /* Debug */ = {
			isa = XCBuildConfiguration;
			buildSettings = {
				ASSETCATALOG_COMPILER_APPICON_NAME = AppIcon;
				ASSETCATALOG_COMPILER_GLOBAL_ACCENT_COLOR_NAME = AccentColor;
				CODE_SIGN_STYLE = Automatic;
				DEVELOPMENT_ASSET_PATHS = "\"APIRequestProtocolApproch/Preview Content\"";
				DEVELOPMENT_TEAM = DD73F8592Z;
				ENABLE_PREVIEWS = YES;
				INFOPLIST_FILE = APIRequestProtocolApproch/Info.plist;
				IPHONEOS_DEPLOYMENT_TARGET = 14.0;
				LD_RUNPATH_SEARCH_PATHS = (
					"$(inherited)",
					"@executable_path/Frameworks",
				);
				PRODUCT_BUNDLE_IDENTIFIER = knoxpo.APIRequestProtocolApproch;
				PRODUCT_NAME = "$(TARGET_NAME)";
				SWIFT_VERSION = 5.0;
				TARGETED_DEVICE_FAMILY = "1,2";
			};
			name = Debug;
		};
		60F60EE0261D791D008D5F8D /* Release */ = {
			isa = XCBuildConfiguration;
			buildSettings = {
				ASSETCATALOG_COMPILER_APPICON_NAME = AppIcon;
				ASSETCATALOG_COMPILER_GLOBAL_ACCENT_COLOR_NAME = AccentColor;
				CODE_SIGN_STYLE = Automatic;
				DEVELOPMENT_ASSET_PATHS = "\"APIRequestProtocolApproch/Preview Content\"";
				DEVELOPMENT_TEAM = DD73F8592Z;
				ENABLE_PREVIEWS = YES;
				INFOPLIST_FILE = APIRequestProtocolApproch/Info.plist;
				IPHONEOS_DEPLOYMENT_TARGET = 14.0;
				LD_RUNPATH_SEARCH_PATHS = (
					"$(inherited)",
					"@executable_path/Frameworks",
				);
				PRODUCT_BUNDLE_IDENTIFIER = knoxpo.APIRequestProtocolApproch;
				PRODUCT_NAME = "$(TARGET_NAME)";
				SWIFT_VERSION = 5.0;
				TARGETED_DEVICE_FAMILY = "1,2";
			};
			name = Release;
		};
/* End XCBuildConfiguration section */

/* Begin XCConfigurationList section */
		60F60ECA261D791D008D5F8D /* Build configuration list for PBXProject "APIRequestProtocolApproch" */ = {
			isa = XCConfigurationList;
			buildConfigurations = (
				60F60EDC261D791D008D5F8D /* Debug */,
				60F60EDD261D791D008D5F8D /* Release */,
			);
			defaultConfigurationIsVisible = 0;
			defaultConfigurationName = Release;
		};
		60F60EDE261D791D008D5F8D /* Build configuration list for PBXNativeTarget "APIRequestProtocolApproch" */ = {
			isa = XCConfigurationList;
			buildConfigurations = (
				60F60EDF261D791D008D5F8D /* Debug */,
				60F60EE0261D791D008D5F8D /* Release */,
			);
			defaultConfigurationIsVisible = 0;
			defaultConfigurationName = Release;
		};
/* End XCConfigurationList section */
	};
	rootObject = 60F60EC7261D791D008D5F8D /* Project object */;
}
